// !$*UTF8*$!
{
	archiveVersion = 1;
	classes = {
	};
	objectVersion = 50;
	objects = {

/* Begin PBXBuildFile section */
		B38AF2621F98D44B7140562C /* Pods_ValidationRX.framework in Frameworks */ = {isa = PBXBuildFile; fileRef = 839C0D0BC7FB76E01F2C5B1B /* Pods_ValidationRX.framework */; };
		C508D77D22D6035A007C3743 /* CheckBox.swift in Sources */ = {isa = PBXBuildFile; fileRef = C508D77A22D6035A007C3743 /* CheckBox.swift */; };
		C508D77E22D6035A007C3743 /* CheckBox.xib in Resources */ = {isa = PBXBuildFile; fileRef = C508D77C22D6035A007C3743 /* CheckBox.xib */; };
		C50F363022DC9429008ED55E /* RegExps.swift in Sources */ = {isa = PBXBuildFile; fileRef = C50F362F22DC9429008ED55E /* RegExps.swift */; };
		C50F363322DC9C78008ED55E /* Validator.swift in Sources */ = {isa = PBXBuildFile; fileRef = C50F363222DC9C78008ED55E /* Validator.swift */; };
		C50F363622DCA27C008ED55E /* Extensions.swift in Sources */ = {isa = PBXBuildFile; fileRef = C50F363522DCA27C008ED55E /* Extensions.swift */; };
		C594968522D615F400C3184F /* ViewModel.swift in Sources */ = {isa = PBXBuildFile; fileRef = C594968422D615F400C3184F /* ViewModel.swift */; };
		C59C1ED922D5EBD900D2A989 /* AppDelegate.swift in Sources */ = {isa = PBXBuildFile; fileRef = C59C1ED822D5EBD900D2A989 /* AppDelegate.swift */; };
		C59C1EDB22D5EBD900D2A989 /* ValidationViewController.swift in Sources */ = {isa = PBXBuildFile; fileRef = C59C1EDA22D5EBD900D2A989 /* ValidationViewController.swift */; };
		C59C1EDE22D5EBD900D2A989 /* Main.storyboard in Resources */ = {isa = PBXBuildFile; fileRef = C59C1EDC22D5EBD900D2A989 /* Main.storyboard */; };
		C59C1EE022D5EBDB00D2A989 /* Assets.xcassets in Resources */ = {isa = PBXBuildFile; fileRef = C59C1EDF22D5EBDB00D2A989 /* Assets.xcassets */; };
		C59C1EE322D5EBDB00D2A989 /* LaunchScreen.storyboard in Resources */ = {isa = PBXBuildFile; fileRef = C59C1EE122D5EBDB00D2A989 /* LaunchScreen.storyboard */; };
/* End PBXBuildFile section */

/* Begin PBXFileReference section */
		7C02C9FB687D937350BF106C /* Pods-ValidationRX.debug.xcconfig */ = {isa = PBXFileReference; includeInIndex = 1; lastKnownFileType = text.xcconfig; name = "Pods-ValidationRX.debug.xcconfig"; path = "Target Support Files/Pods-ValidationRX/Pods-ValidationRX.debug.xcconfig"; sourceTree = "<group>"; };
		839C0D0BC7FB76E01F2C5B1B /* Pods_ValidationRX.framework */ = {isa = PBXFileReference; explicitFileType = wrapper.framework; includeInIndex = 0; path = Pods_ValidationRX.framework; sourceTree = BUILT_PRODUCTS_DIR; };
		8539534E6B37AC81B888FEF8 /* Pods-ValidationRX.release.xcconfig */ = {isa = PBXFileReference; includeInIndex = 1; lastKnownFileType = text.xcconfig; name = "Pods-ValidationRX.release.xcconfig"; path = "Target Support Files/Pods-ValidationRX/Pods-ValidationRX.release.xcconfig"; sourceTree = "<group>"; };
		C508D77A22D6035A007C3743 /* CheckBox.swift */ = {isa = PBXFileReference; fileEncoding = 4; lastKnownFileType = sourcecode.swift; path = CheckBox.swift; sourceTree = "<group>"; };
		C508D77C22D6035A007C3743 /* CheckBox.xib */ = {isa = PBXFileReference; fileEncoding = 4; lastKnownFileType = file.xib; path = CheckBox.xib; sourceTree = "<group>"; };
		C50F362F22DC9429008ED55E /* RegExps.swift */ = {isa = PBXFileReference; lastKnownFileType = sourcecode.swift; path = RegExps.swift; sourceTree = "<group>"; };
		C50F363222DC9C78008ED55E /* Validator.swift */ = {isa = PBXFileReference; lastKnownFileType = sourcecode.swift; path = Validator.swift; sourceTree = "<group>"; };
		C50F363522DCA27C008ED55E /* Extensions.swift */ = {isa = PBXFileReference; lastKnownFileType = sourcecode.swift; path = Extensions.swift; sourceTree = "<group>"; };
		C594968422D615F400C3184F /* ViewModel.swift */ = {isa = PBXFileReference; lastKnownFileType = sourcecode.swift; path = ViewModel.swift; sourceTree = "<group>"; };
		C59C1ED522D5EBD900D2A989 /* ValidationRX.app */ = {isa = PBXFileReference; explicitFileType = wrapper.application; includeInIndex = 0; path = ValidationRX.app; sourceTree = BUILT_PRODUCTS_DIR; };
		C59C1ED822D5EBD900D2A989 /* AppDelegate.swift */ = {isa = PBXFileReference; lastKnownFileType = sourcecode.swift; path = AppDelegate.swift; sourceTree = "<group>"; };
		C59C1EDA22D5EBD900D2A989 /* ValidationViewController.swift */ = {isa = PBXFileReference; lastKnownFileType = sourcecode.swift; path = ValidationViewController.swift; sourceTree = "<group>"; };
		C59C1EDD22D5EBD900D2A989 /* Base */ = {isa = PBXFileReference; lastKnownFileType = file.storyboard; name = Base; path = Base.lproj/Main.storyboard; sourceTree = "<group>"; };
		C59C1EDF22D5EBDB00D2A989 /* Assets.xcassets */ = {isa = PBXFileReference; lastKnownFileType = folder.assetcatalog; path = Assets.xcassets; sourceTree = "<group>"; };
		C59C1EE222D5EBDB00D2A989 /* Base */ = {isa = PBXFileReference; lastKnownFileType = file.storyboard; name = Base; path = Base.lproj/LaunchScreen.storyboard; sourceTree = "<group>"; };
		C59C1EE422D5EBDB00D2A989 /* Info.plist */ = {isa = PBXFileReference; lastKnownFileType = text.plist.xml; path = Info.plist; sourceTree = "<group>"; };
/* End PBXFileReference section */

/* Begin PBXFrameworksBuildPhase section */
		C59C1ED222D5EBD900D2A989 /* Frameworks */ = {
			isa = PBXFrameworksBuildPhase;
			buildActionMask = 2147483647;
			files = (
				B38AF2621F98D44B7140562C /* Pods_ValidationRX.framework in Frameworks */,
			);
			runOnlyForDeploymentPostprocessing = 0;
		};
/* End PBXFrameworksBuildPhase section */

/* Begin PBXGroup section */
		51307018C675BA38A0E6D2BC /* Pods */ = {
			isa = PBXGroup;
			children = (
				7C02C9FB687D937350BF106C /* Pods-ValidationRX.debug.xcconfig */,
				8539534E6B37AC81B888FEF8 /* Pods-ValidationRX.release.xcconfig */,
			);
			path = Pods;
			sourceTree = "<group>";
		};
		C19B33B43790C4F72ACE4138 /* Frameworks */ = {
			isa = PBXGroup;
			children = (
				839C0D0BC7FB76E01F2C5B1B /* Pods_ValidationRX.framework */,
			);
			name = Frameworks;
			sourceTree = "<group>";
		};
		C508D77622D5FB48007C3743 /* ViewModel */ = {
			isa = PBXGroup;
			children = (
				C594968422D615F400C3184F /* ViewModel.swift */,
			);
			path = ViewModel;
			sourceTree = "<group>";
		};
		C508D77722D5FB5A007C3743 /* ViewController */ = {
			isa = PBXGroup;
			children = (
				C59C1EDA22D5EBD900D2A989 /* ValidationViewController.swift */,
			);
			path = ViewController;
			sourceTree = "<group>";
		};
		C508D77822D602F2007C3743 /* Storyboards */ = {
			isa = PBXGroup;
			children = (
				C59C1EDC22D5EBD900D2A989 /* Main.storyboard */,
				C59C1EE122D5EBDB00D2A989 /* LaunchScreen.storyboard */,
			);
			path = Storyboards;
			sourceTree = "<group>";
		};
		C508D77F22D6037A007C3743 /* Checkbox */ = {
			isa = PBXGroup;
			children = (
				C508D77A22D6035A007C3743 /* CheckBox.swift */,
				C508D77C22D6035A007C3743 /* CheckBox.xib */,
			);
			path = Checkbox;
			sourceTree = "<group>";
		};
		C50F362E22DC9400008ED55E /* RegExps */ = {
			isa = PBXGroup;
			children = (
				C50F362F22DC9429008ED55E /* RegExps.swift */,
			);
			path = RegExps;
			sourceTree = "<group>";
		};
		C50F363122DC9C64008ED55E /* Validator */ = {
			isa = PBXGroup;
			children = (
				C50F363222DC9C78008ED55E /* Validator.swift */,
			);
			path = Validator;
			sourceTree = "<group>";
		};
		C50F363422DCA260008ED55E /* Extensions */ = {
			isa = PBXGroup;
			children = (
				C50F363522DCA27C008ED55E /* Extensions.swift */,
			);
			path = Extensions;
			sourceTree = "<group>";
		};
		C59C1ECC22D5EBD900D2A989 = {
			isa = PBXGroup;
			children = (
				C59C1ED722D5EBD900D2A989 /* ValidationRX */,
				C59C1ED622D5EBD900D2A989 /* Products */,
				51307018C675BA38A0E6D2BC /* Pods */,
				C19B33B43790C4F72ACE4138 /* Frameworks */,
			);
			sourceTree = "<group>";
		};
		C59C1ED622D5EBD900D2A989 /* Products */ = {
			isa = PBXGroup;
			children = (
				C59C1ED522D5EBD900D2A989 /* ValidationRX.app */,
			);
			name = Products;
			sourceTree = "<group>";
		};
		C59C1ED722D5EBD900D2A989 /* ValidationRX */ = {
			isa = PBXGroup;
			children = (
				C50F363422DCA260008ED55E /* Extensions */,
				C50F363122DC9C64008ED55E /* Validator */,
				C50F362E22DC9400008ED55E /* RegExps */,
				C508D77F22D6037A007C3743 /* Checkbox */,
				C508D77822D602F2007C3743 /* Storyboards */,
				C508D77722D5FB5A007C3743 /* ViewController */,
				C508D77622D5FB48007C3743 /* ViewModel */,
				C59C1ED822D5EBD900D2A989 /* AppDelegate.swift */,
				C59C1EDF22D5EBDB00D2A989 /* Assets.xcassets */,
				C59C1EE422D5EBDB00D2A989 /* Info.plist */,
			);
			path = ValidationRX;
			sourceTree = "<group>";
		};
/* End PBXGroup section */

/* Begin PBXNativeTarget section */
		C59C1ED422D5EBD900D2A989 /* ValidationRX */ = {
			isa = PBXNativeTarget;
			buildConfigurationList = C59C1EE722D5EBDB00D2A989 /* Build configuration list for PBXNativeTarget "ValidationRX" */;
			buildPhases = (
				81643E730D4D8B39C552FB4F /* [CP] Check Pods Manifest.lock */,
				C59C1ED122D5EBD900D2A989 /* Sources */,
				C59C1ED222D5EBD900D2A989 /* Frameworks */,
				C59C1ED322D5EBD900D2A989 /* Resources */,
				54102B109CEDF0510CFE96B5 /* [CP] Embed Pods Frameworks */,
			);
			buildRules = (
			);
			dependencies = (
			);
			name = ValidationRX;
			productName = ValidationRX;
			productReference = C59C1ED522D5EBD900D2A989 /* ValidationRX.app */;
			productType = "com.apple.product-type.application";
		};
/* End PBXNativeTarget section */

/* Begin PBXProject section */
		C59C1ECD22D5EBD900D2A989 /* Project object */ = {
			isa = PBXProject;
			attributes = {
				LastSwiftUpdateCheck = 0940;
				LastUpgradeCheck = 0940;
				ORGANIZATIONNAME = Mediasoft;
				TargetAttributes = {
					C59C1ED422D5EBD900D2A989 = {
						CreatedOnToolsVersion = 9.4.1;
					};
				};
			};
			buildConfigurationList = C59C1ED022D5EBD900D2A989 /* Build configuration list for PBXProject "ValidationRX" */;
			compatibilityVersion = "Xcode 9.3";
			developmentRegion = en;
			hasScannedForEncodings = 0;
			knownRegions = (
				en,
				Base,
			);
			mainGroup = C59C1ECC22D5EBD900D2A989;
			productRefGroup = C59C1ED622D5EBD900D2A989 /* Products */;
			projectDirPath = "";
			projectRoot = "";
			targets = (
				C59C1ED422D5EBD900D2A989 /* ValidationRX */,
			);
		};
/* End PBXProject section */

/* Begin PBXResourcesBuildPhase section */
		C59C1ED322D5EBD900D2A989 /* Resources */ = {
			isa = PBXResourcesBuildPhase;
			buildActionMask = 2147483647;
			files = (
				C508D77E22D6035A007C3743 /* CheckBox.xib in Resources */,
				C59C1EE322D5EBDB00D2A989 /* LaunchScreen.storyboard in Resources */,
				C59C1EE022D5EBDB00D2A989 /* Assets.xcassets in Resources */,
				C59C1EDE22D5EBD900D2A989 /* Main.storyboard in Resources */,
			);
			runOnlyForDeploymentPostprocessing = 0;
		};
/* End PBXResourcesBuildPhase section */

/* Begin PBXShellScriptBuildPhase section */
		54102B109CEDF0510CFE96B5 /* [CP] Embed Pods Frameworks */ = {
			isa = PBXShellScriptBuildPhase;
			buildActionMask = 2147483647;
			files = (
			);
			name = "[CP] Embed Pods Frameworks";
			runOnlyForDeploymentPostprocessing = 0;
			shellPath = /bin/sh;
			shellScript = "\"${PODS_ROOT}/Target Support Files/Pods-ValidationRX/Pods-ValidationRX-frameworks.sh\"\n";
			showEnvVarsInLog = 0;
		};
		81643E730D4D8B39C552FB4F /* [CP] Check Pods Manifest.lock */ = {
			isa = PBXShellScriptBuildPhase;
			buildActionMask = 2147483647;
			files = (
			);
			inputPaths = (
				"${PODS_PODFILE_DIR_PATH}/Podfile.lock",
				"${PODS_ROOT}/Manifest.lock",
			);
			name = "[CP] Check Pods Manifest.lock";
			outputPaths = (
				"$(DERIVED_FILE_DIR)/Pods-ValidationRX-checkManifestLockResult.txt",
			);
			runOnlyForDeploymentPostprocessing = 0;
			shellPath = /bin/sh;
			shellScript = "diff \"${PODS_PODFILE_DIR_PATH}/Podfile.lock\" \"${PODS_ROOT}/Manifest.lock\" > /dev/null\nif [ $? != 0 ] ; then\n    # print error to STDERR\n    echo \"error: The sandbox is not in sync with the Podfile.lock. Run 'pod install' or update your CocoaPods installation.\" >&2\n    exit 1\nfi\n# This output is used by Xcode 'outputs' to avoid re-running this script phase.\necho \"SUCCESS\" > \"${SCRIPT_OUTPUT_FILE_0}\"\n";
			showEnvVarsInLog = 0;
		};
/* End PBXShellScriptBuildPhase section */

/* Begin PBXSourcesBuildPhase section */
		C59C1ED122D5EBD900D2A989 /* Sources */ = {
			isa = PBXSourcesBuildPhase;
			buildActionMask = 2147483647;
			files = (
				C59C1EDB22D5EBD900D2A989 /* ValidationViewController.swift in Sources */,
				C59C1ED922D5EBD900D2A989 /* AppDelegate.swift in Sources */,
				C594968522D615F400C3184F /* ViewModel.swift in Sources */,
				C50F363022DC9429008ED55E /* RegExps.swift in Sources */,
				C50F363322DC9C78008ED55E /* Validator.swift in Sources */,
				C508D77D22D6035A007C3743 /* CheckBox.swift in Sources */,
				C50F363622DCA27C008ED55E /* Extensions.swift in Sources */,
			);
			runOnlyForDeploymentPostprocessing = 0;
		};
/* End PBXSourcesBuildPhase section */

/* Begin PBXVariantGroup section */
		C59C1EDC22D5EBD900D2A989 /* Main.storyboard */ = {
			isa = PBXVariantGroup;
			children = (
				C59C1EDD22D5EBD900D2A989 /* Base */,
			);
			name = Main.storyboard;
			sourceTree = "<group>";
		};
		C59C1EE122D5EBDB00D2A989 /* LaunchScreen.storyboard */ = {
			isa = PBXVariantGroup;
			children = (
				C59C1EE222D5EBDB00D2A989 /* Base */,
			);
			name = LaunchScreen.storyboard;
			sourceTree = "<group>";
		};
/* End PBXVariantGroup section */

/* Begin XCBuildConfiguration section */
		C59C1EE522D5EBDB00D2A989 /* Debug */ = {
			isa = XCBuildConfiguration;
			buildSettings = {
				ALWAYS_SEARCH_USER_PATHS = NO;
				CLANG_ANALYZER_NONNULL = YES;
				CLANG_ANALYZER_NUMBER_OBJECT_CONVERSION = YES_AGGRESSIVE;
				CLANG_CXX_LANGUAGE_STANDARD = "gnu++14";
				CLANG_CXX_LIBRARY = "libc++";
				CLANG_ENABLE_MODULES = YES;
				CLANG_ENABLE_OBJC_ARC = YES;
				CLANG_ENABLE_OBJC_WEAK = YES;
				CLANG_WARN_BLOCK_CAPTURE_AUTORELEASING = YES;
				CLANG_WARN_BOOL_CONVERSION = YES;
				CLANG_WARN_COMMA = YES;
				CLANG_WARN_CONSTANT_CONVERSION = YES;
				CLANG_WARN_DEPRECATED_OBJC_IMPLEMENTATIONS = YES;
				CLANG_WARN_DIRECT_OBJC_ISA_USAGE = YES_ERROR;
				CLANG_WARN_DOCUMENTATION_COMMENTS = YES;
				CLANG_WARN_EMPTY_BODY = YES;
				CLANG_WARN_ENUM_CONVERSION = YES;
				CLANG_WARN_INFINITE_RECURSION = YES;
				CLANG_WARN_INT_CONVERSION = YES;
				CLANG_WARN_NON_LITERAL_NULL_CONVERSION = YES;
				CLANG_WARN_OBJC_IMPLICIT_RETAIN_SELF = YES;
				CLANG_WARN_OBJC_LITERAL_CONVERSION = YES;
				CLANG_WARN_OBJC_ROOT_CLASS = YES_ERROR;
				CLANG_WARN_RANGE_LOOP_ANALYSIS = YES;
				CLANG_WARN_STRICT_PROTOTYPES = YES;
				CLANG_WARN_SUSPICIOUS_MOVE = YES;
				CLANG_WARN_UNGUARDED_AVAILABILITY = YES_AGGRESSIVE;
				CLANG_WARN_UNREACHABLE_CODE = YES;
				CLANG_WARN__DUPLICATE_METHOD_MATCH = YES;
				CODE_SIGN_IDENTITY = "iPhone Developer";
				COPY_PHASE_STRIP = NO;
				DEBUG_INFORMATION_FORMAT = dwarf;
				ENABLE_STRICT_OBJC_MSGSEND = YES;
				ENABLE_TESTABILITY = YES;
				GCC_C_LANGUAGE_STANDARD = gnu11;
				GCC_DYNAMIC_NO_PIC = NO;
				GCC_NO_COMMON_BLOCKS = YES;
				GCC_OPTIMIZATION_LEVEL = 0;
				GCC_PREPROCESSOR_DEFINITIONS = (
					"DEBUG=1",
					"$(inherited)",
				);
				GCC_WARN_64_TO_32_BIT_CONVERSION = YES;
				GCC_WARN_ABOUT_RETURN_TYPE = YES_ERROR;
				GCC_WARN_UNDECLARED_SELECTOR = YES;
				GCC_WARN_UNINITIALIZED_AUTOS = YES_AGGRESSIVE;
				GCC_WARN_UNUSED_FUNCTION = YES;
				GCC_WARN_UNUSED_VARIABLE = YES;
				IPHONEOS_DEPLOYMENT_TARGET = 11.4;
				MTL_ENABLE_DEBUG_INFO = YES;
				ONLY_ACTIVE_ARCH = YES;
				SDKROOT = iphoneos;
				SWIFT_ACTIVE_COMPILATION_CONDITIONS = DEBUG;
				SWIFT_OPTIMIZATION_LEVEL = "-Onone";
			};
			name = Debug;
		};
		C59C1EE622D5EBDB00D2A989 /* Release */ = {
			isa = XCBuildConfiguration;
			buildSettings = {
				ALWAYS_SEARCH_USER_PATHS = NO;
				CLANG_ANALYZER_NONNULL = YES;
				CLANG_ANALYZER_NUMBER_OBJECT_CONVERSION = YES_AGGRESSIVE;
				CLANG_CXX_LANGUAGE_STANDARD = "gnu++14";
				CLANG_CXX_LIBRARY = "libc++";
				CLANG_ENABLE_MODULES = YES;
				CLANG_ENABLE_OBJC_ARC = YES;
				CLANG_ENABLE_OBJC_WEAK = YES;
				CLANG_WARN_BLOCK_CAPTURE_AUTORELEASING = YES;
				CLANG_WARN_BOOL_CONVERSION = YES;
				CLANG_WARN_COMMA = YES;
				CLANG_WARN_CONSTANT_CONVERSION = YES;
				CLANG_WARN_DEPRECATED_OBJC_IMPLEMENTATIONS = YES;
				CLANG_WARN_DIRECT_OBJC_ISA_USAGE = YES_ERROR;
				CLANG_WARN_DOCUMENTATION_COMMENTS = YES;
				CLANG_WARN_EMPTY_BODY = YES;
				CLANG_WARN_ENUM_CONVERSION = YES;
				CLANG_WARN_INFINITE_RECURSION = YES;
				CLANG_WARN_INT_CONVERSION = YES;
				CLANG_WARN_NON_LITERAL_NULL_CONVERSION = YES;
				CLANG_WARN_OBJC_IMPLICIT_RETAIN_SELF = YES;
				CLANG_WARN_OBJC_LITERAL_CONVERSION = YES;
				CLANG_WARN_OBJC_ROOT_CLASS = YES_ERROR;
				CLANG_WARN_RANGE_LOOP_ANALYSIS = YES;
				CLANG_WARN_STRICT_PROTOTYPES = YES;
				CLANG_WARN_SUSPICIOUS_MOVE = YES;
				CLANG_WARN_UNGUARDED_AVAILABILITY = YES_AGGRESSIVE;
				CLANG_WARN_UNREACHABLE_CODE = YES;
				CLANG_WARN__DUPLICATE_METHOD_MATCH = YES;
				CODE_SIGN_IDENTITY = "iPhone Developer";
				COPY_PHASE_STRIP = NO;
				DEBUG_INFORMATION_FORMAT = "dwarf-with-dsym";
				ENABLE_NS_ASSERTIONS = NO;
				ENABLE_STRICT_OBJC_MSGSEND = YES;
				GCC_C_LANGUAGE_STANDARD = gnu11;
				GCC_NO_COMMON_BLOCKS = YES;
				GCC_WARN_64_TO_32_BIT_CONVERSION = YES;
				GCC_WARN_ABOUT_RETURN_TYPE = YES_ERROR;
				GCC_WARN_UNDECLARED_SELECTOR = YES;
				GCC_WARN_UNINITIALIZED_AUTOS = YES_AGGRESSIVE;
				GCC_WARN_UNUSED_FUNCTION = YES;
				GCC_WARN_UNUSED_VARIABLE = YES;
				IPHONEOS_DEPLOYMENT_TARGET = 11.4;
				MTL_ENABLE_DEBUG_INFO = NO;
				SDKROOT = iphoneos;
				SWIFT_COMPILATION_MODE = wholemodule;
				SWIFT_OPTIMIZATION_LEVEL = "-O";
				VALIDATE_PRODUCT = YES;
			};
			name = Release;
		};
		C59C1EE822D5EBDB00D2A989 /* Debug */ = {
			isa = XCBuildConfiguration;
			baseConfigurationReference = 7C02C9FB687D937350BF106C /* Pods-ValidationRX.debug.xcconfig */;
			buildSettings = {
				ASSETCATALOG_COMPILER_APPICON_NAME = AppIcon;
				CODE_SIGN_STYLE = Automatic;
				INFOPLIST_FILE = ValidationRX/Info.plist;
				LD_RUNPATH_SEARCH_PATHS = (
					"$(inherited)",
					"@executable_path/Frameworks",
				);
				PRODUCT_BUNDLE_IDENTIFIER = team.mediasoft.ValidationRX;
				PRODUCT_NAME = "$(TARGET_NAME)";
				SWIFT_VERSION = 4.0;
				TARGETED_DEVICE_FAMILY = "1,2";
			};
			name = Debug;
		};
		C59C1EE922D5EBDB00D2A989 /* Release */ = {
			isa = XCBuildConfiguration;
			baseConfigurationReference = 8539534E6B37AC81B888FEF8 /* Pods-ValidationRX.release.xcconfig */;
			buildSettings = {
				ASSETCATALOG_COMPILER_APPICON_NAME = AppIcon;
				CODE_SIGN_STYLE = Automatic;
				INFOPLIST_FILE = ValidationRX/Info.plist;
				LD_RUNPATH_SEARCH_PATHS = (
					"$(inherited)",
					"@executable_path/Frameworks",
				);
				PRODUCT_BUNDLE_IDENTIFIER = team.mediasoft.ValidationRX;
				PRODUCT_NAME = "$(TARGET_NAME)";
				SWIFT_VERSION = 4.0;
				TARGETED_DEVICE_FAMILY = "1,2";
			};
			name = Release;
		};
/* End XCBuildConfiguration section */

/* Begin XCConfigurationList section */
		C59C1ED022D5EBD900D2A989 /* Build configuration list for PBXProject "ValidationRX" */ = {
			isa = XCConfigurationList;
			buildConfigurations = (
				C59C1EE522D5EBDB00D2A989 /* Debug */,
				C59C1EE622D5EBDB00D2A989 /* Release */,
			);
			defaultConfigurationIsVisible = 0;
			defaultConfigurationName = Release;
		};
		C59C1EE722D5EBDB00D2A989 /* Build configuration list for PBXNativeTarget "ValidationRX" */ = {
			isa = XCConfigurationList;
			buildConfigurations = (
				C59C1EE822D5EBDB00D2A989 /* Debug */,
				C59C1EE922D5EBDB00D2A989 /* Release */,
			);
			defaultConfigurationIsVisible = 0;
			defaultConfigurationName = Release;
		};
/* End XCConfigurationList section */
	};
	rootObject = C59C1ECD22D5EBD900D2A989 /* Project object */;
}
